PODS:
  - AZSClient (0.2.6)
  - Crashlytics (3.10.7):
    - Fabric (~> 1.7.11)
  - Fabric (1.7.11)
  - MarqueeLabel (4.3.0)
  - PKHUD (5.1.0)
  - SRScratchView (0.1.1)

DEPENDENCIES:
  - AZSClient
  - Crashlytics
  - Fabric
  - MarqueeLabel
  - PKHUD (~> 5.0)
  - SRScratchView

SPEC REPOS:
  trunk:
    - AZSClient
    - Crashlytics
    - Fabric
    - MarqueeLabel
    - PKHUD
    - SRScratchView

SPEC CHECKSUMS:
  AZSClient: efd576cabf56f97e38cb1b614739f4b0c1906392
  Crashlytics: 08e50236e4919fd84e089971c8372d46fe83a8ad
  Fabric: e2bc245c5ad6dd63f36d72410f34bc15309744e0
  MarqueeLabel: 02f5ac8fd6877c94564556cb93fa86c70c08baeb
  PKHUD: 62ea46a1e88c4def1da784878d199bb54c841e3c
  SRScratchView: 1188ee5f7fb31eea0c2b4a8a191bfd1397ae18c8

PODFILE CHECKSUM: bb93bb51b14bc629c219243a4e12fb9b58b17b5c

COCOAPODS: 1.10.2
